
Microsoft Visual Studio Solution File, Format Version 12.00
# Visual Studio Version 16
VisualStudioVersion = 16.0.31729.503
MinimumVisualStudioVersion = 10.0.40219.1
Project("{FAE04EC0-301F-11D3-BF4B-00C04F79EFBC}") = "ChatClient", "ChatClient\ChatClient.csproj", "{89EF246C-3AE2-4884-844F-2FF838376ED3}"
EndProject
Global
	GlobalSection(SolutionConfigurationPlatforms) = preSolution
		Debug|Any CPU = Debug|Any CPU
		Release|Any CPU = Release|Any CPU
	EndGlobalSection
	GlobalSection(ProjectConfigurationPlatforms) = postSolution
		{89EF246C-3AE2-4884-844F-2FF838376ED3}.Debug|Any CPU.ActiveCfg = Debug|Any CPU
		{89EF246C-3AE2-4884-844F-2FF838376ED3}.Debug|Any CPU.Build.0 = Debug|Any CPU
		{89EF246C-3AE2-4884-844F-2FF838376ED3}.Release|Any CPU.ActiveCfg = Release|Any CPU
		{89EF246C-3AE2-4884-844F-2FF838376ED3}.Release|Any CPU.Build.0 = Release|Any CPU
	EndGlobalSection
	GlobalSection(SolutionProperties) = preSolution
		HideSolutionNode = FALSE
	EndGlobalSection
	GlobalSection(ExtensibilityGlobals) = postSolution
		SolutionGuid = {5A3CCBBD-295A-4BCE-8999-31F17460110D}
	EndGlobalSection
EndGlobal
